
Microsoft Visual Studio Solution File, Format Version 12.00
# Visual Studio Version 16
VisualStudioVersion = 16.0.30104.148
MinimumVisualStudioVersion = 10.0.40219.1
Project("{FAE04EC0-301F-11D3-BF4B-00C04F79EFBC}") = "ReadBasicRecepies", "ReadBasicRecepies\ReadBasicRecepies.csproj", "{20C7636E-53C5-4B3F-A459-DAD46705A368}"
EndProject
Global
	GlobalSection(SolutionConfigurationPlatforms) = preSolution
		Debug|Any CPU = Debug|Any CPU
		Release|Any CPU = Release|Any CPU
	EndGlobalSection
	GlobalSection(ProjectConfigurationPlatforms) = postSolution
		{20C7636E-53C5-4B3F-A459-DAD46705A368}.Debug|Any CPU.ActiveCfg = Debug|Any CPU
		{20C7636E-53C5-4B3F-A459-DAD46705A368}.Debug|Any CPU.Build.0 = Debug|Any CPU
		{20C7636E-53C5-4B3F-A459-DAD46705A368}.Release|Any CPU.ActiveCfg = Release|Any CPU
		{20C7636E-53C5-4B3F-A459-DAD46705A368}.Release|Any CPU.Build.0 = Release|Any CPU
	EndGlobalSection
	GlobalSection(SolutionProperties) = preSolution
		HideSolutionNode = FALSE
	EndGlobalSection
	GlobalSection(ExtensibilityGlobals) = postSolution
		SolutionGuid = {FE0CFC2B-A85F-478D-A638-C7B140834243}
	EndGlobalSection
EndGlobal
